
Microsoft Visual Studio Solution File, Format Version 12.00
# Visual Studio Version 16
VisualStudioVersion = 16.0.30804.86
MinimumVisualStudioVersion = 10.0.40219.1
Project("{FAE04EC0-301F-11D3-BF4B-00C04F79EFBC}") = "MeetMePeople", "MeetMePeople\MeetMePeople.csproj", "{39C6C98E-A3ED-4167-9F0C-D41850A0CC67}"
EndProject
Global
	GlobalSection(SolutionConfigurationPlatforms) = preSolution
		Debug|Any CPU = Debug|Any CPU
		Release|Any CPU = Release|Any CPU
	EndGlobalSection
	GlobalSection(ProjectConfigurationPlatforms) = postSolution
		{39C6C98E-A3ED-4167-9F0C-D41850A0CC67}.Debug|Any CPU.ActiveCfg = Debug|Any CPU
		{39C6C98E-A3ED-4167-9F0C-D41850A0CC67}.Debug|Any CPU.Build.0 = Debug|Any CPU
		{39C6C98E-A3ED-4167-9F0C-D41850A0CC67}.Release|Any CPU.ActiveCfg = Release|Any CPU
		{39C6C98E-A3ED-4167-9F0C-D41850A0CC67}.Release|Any CPU.Build.0 = Release|Any CPU
	EndGlobalSection
	GlobalSection(SolutionProperties) = preSolution
		HideSolutionNode = FALSE
	EndGlobalSection
	GlobalSection(ExtensibilityGlobals) = postSolution
		SolutionGuid = {3EB6A66E-1473-4A1B-8C28-B55E387D527E}
	EndGlobalSection
EndGlobal
